
Microsoft Visual Studio Solution File, Format Version 12.00
# Visual Studio Version 17
VisualStudioVersion = 17.5.33424.131
MinimumVisualStudioVersion = 10.0.40219.1
Project("{FAE04EC0-301F-11D3-BF4B-00C04F79EFBC}") = "WebApiEntity", "WebApiEntity\WebApiEntity.csproj", "{7DD4F1B3-F13A-42F9-95FA-043765D6A05B}"
EndProject
Global
	GlobalSection(SolutionConfigurationPlatforms) = preSolution
		Debug|Any CPU = Debug|Any CPU
		Release|Any CPU = Release|Any CPU
	EndGlobalSection
	GlobalSection(ProjectConfigurationPlatforms) = postSolution
		{7DD4F1B3-F13A-42F9-95FA-043765D6A05B}.Debug|Any CPU.ActiveCfg = Debug|Any CPU
		{7DD4F1B3-F13A-42F9-95FA-043765D6A05B}.Debug|Any CPU.Build.0 = Debug|Any CPU
		{7DD4F1B3-F13A-42F9-95FA-043765D6A05B}.Release|Any CPU.ActiveCfg = Release|Any CPU
		{7DD4F1B3-F13A-42F9-95FA-043765D6A05B}.Release|Any CPU.Build.0 = Release|Any CPU
	EndGlobalSection
	GlobalSection(SolutionProperties) = preSolution
		HideSolutionNode = FALSE
	EndGlobalSection
	GlobalSection(ExtensibilityGlobals) = postSolution
		SolutionGuid = {6F729599-15CB-44FE-8208-51D743BAE7ED}
	EndGlobalSection
EndGlobal
